
Microsoft Visual Studio Solution File, Format Version 12.00
# Visual Studio Version 17
VisualStudioVersion = 17.10.34928.147
MinimumVisualStudioVersion = 10.0.40219.1
Project("{FAE04EC0-301F-11D3-BF4B-00C04F79EFBC}") = "Mocca.Memorizer", "Mocca.Memorizer\Mocca.Memorizer.csproj", "{304B08B9-A9B7-4CAB-969E-E982B0FCA996}"
EndProject
Global
	GlobalSection(SolutionConfigurationPlatforms) = preSolution
		Debug|Any CPU = Debug|Any CPU
		Release|Any CPU = Release|Any CPU
	EndGlobalSection
	GlobalSection(ProjectConfigurationPlatforms) = postSolution
		{304B08B9-A9B7-4CAB-969E-E982B0FCA996}.Debug|Any CPU.ActiveCfg = Debug|Any CPU
		{304B08B9-A9B7-4CAB-969E-E982B0FCA996}.Debug|Any CPU.Build.0 = Debug|Any CPU
		{304B08B9-A9B7-4CAB-969E-E982B0FCA996}.Release|Any CPU.ActiveCfg = Release|Any CPU
		{304B08B9-A9B7-4CAB-969E-E982B0FCA996}.Release|Any CPU.Build.0 = Release|Any CPU
	EndGlobalSection
	GlobalSection(SolutionProperties) = preSolution
		HideSolutionNode = FALSE
	EndGlobalSection
	GlobalSection(ExtensibilityGlobals) = postSolution
		SolutionGuid = {52D19D78-8D0B-4396-A911-6D2A36AFF2E3}
	EndGlobalSection
EndGlobal
